{
  "version": 4,
  "terraform_version": "1.7.3",
  "serial": 60,
  "lineage": "a90eb843-a398-48cd-4444-d2c1a02be13b",
  "outputs": {
    "all-availability-domains-in-your-tenancy": {
      "value": [
        {
          "compartment_id": "ocid1.tenancy.oc1..aaaaaaaa44lgjvd3jfviprvf2yeuhmlty56cyy5dx7gdxnfhketzc73mlmja",
          "id": "ocid1.availabilitydomain.oc1..aaaaaaaapjv4p3qtly2fesrig77q4tlmi3wvakeet6fskc7do2fmawz3xctq",
          "name": "jyYF:UK-LONDON-1-AD-1"
        },
        {
          "compartment_id": "ocid1.tenancy.oc1..aaaaaaaa44lgjvd3jfviprvf2yeuhmlty56cyy5dx7gdxnfhketzc73mlmja",
          "id": "ocid1.availabilitydomain.oc1..aaaaaaaaw2i3i53quioaywmhx56ss5plwk7bmmeg2266lo7inilhbizeroua",
          "name": "jyYF:UK-LONDON-1-AD-2"
        },
        {
          "compartment_id": "ocid1.tenancy.oc1..aaaaaaaa44lgjvd3jfviprvf2yeuhmlty56cyy5dx7gdxnfhketzc73mlmja",
          "id": "ocid1.availabilitydomain.oc1..aaaaaaaac6kgqnl5eberztbdm2ufhpxohk7cuelajmafpqa3m6rpri4tc2yq",
          "name": "jyYF:UK-LONDON-1-AD-3"
        }
      ],
      "type": [
        "list",
        [
          "object",
          {
            "compartment_id": "string",
            "id": "string",
            "name": "string"
          }
        ]
      ]
    },
    "compartment-OCID": {
      "value": "ocid1.compartment.oc1..aaaaaaaagvtq3jvmmttn7thsipgc7awu3cidli4h2bimyenhktdm6hgxzorq",
      "type": "string"
    },
    "compartment-name": {
      "value": "oci-compartment-1",
      "type": "string"
    },
    "id-for-for-route-table-that-includes-the-nat-gateway": {
      "value": "",
      "type": "string"
    },
    "id-for-route-table-that-includes-the-internet-gateway": {
      "value": "ocid1.routetable.oc1.uk-london-1.aaaaaaaamt3euy7fdixemkslcylcn62eptksqufgskxbqd4tgw7oangbg6za",
      "type": "string"
    },
    "instance-OCID": {
      "value": "ocid1.instance.oc1.uk-london-1.anwgiljt2vuvcxac5sdliiekzq47m3udp3f37clue3dnfzq6sejsr3uthh7q",
      "type": "string"
    },
    "instance-OCPUs": {
      "value": 1,
      "type": "number"
    },
    "instance-memory-in-GBs": {
      "value": 1,
      "type": "number"
    },
    "instance-name": {
      "value": "free-tier-ubuntu-vm",
      "type": "string"
    },
    "instance-region": {
      "value": "uk-london-1",
      "type": "string"
    },
    "instance-shape": {
      "value": "VM.Standard.E2.1.Micro",
      "type": "string"
    },
    "instance-state": {
      "value": "RUNNING",
      "type": "string"
    },
    "name-of-first-availability-domain": {
      "value": "jyYF:UK-LONDON-1-AD-1",
      "type": "string"
    },
    "nat-gateway-id": {
      "value": "",
      "type": "string"
    },
    "private-security-list-OCID": {
      "value": "ocid1.securitylist.oc1.uk-london-1.aaaaaaaazzqfhghugjhw3h46cadbffaxmzlnrva5evfnmtodeh3ujvwngsqq",
      "type": "string"
    },
    "private-security-list-name": {
      "value": "security-list-for-private-subnet",
      "type": "string"
    },
    "private-subnet-OCID": {
      "value": "ocid1.subnet.oc1.uk-london-1.aaaaaaaa6xavhqfvvq6olr432dgsx776uwnzycpxq42tcurh5mqvhappzgmq",
      "type": "string"
    },
    "private-subnet-name": {
      "value": "private-subnet",
      "type": "string"
    },
    "public-ip-for-compute-instance": {
      "value": "132.145.67.21",
      "type": "string"
    },
    "public-security-list-OCID": {
      "value": "ocid1.securitylist.oc1.uk-london-1.aaaaaaaa6s2hlwgbbetihoiri3rtissile26o4oqnolpu5d6t4yijf4hdgka",
      "type": "string"
    },
    "public-security-list-name": {
      "value": "security-list-for-public-subnet",
      "type": "string"
    },
    "public-subnet-OCID": {
      "value": "ocid1.subnet.oc1.uk-london-1.aaaaaaaagfu7gnvusds3on2lwjbjwmq5v3t53ajx2fjv7uz57t62ooozfgka",
      "type": "string"
    },
    "public-subnet-name": {
      "value": "public-subnet",
      "type": "string"
    },
    "time-created": {
      "value": "2024-03-02 16:39:02.535 +0000 UTC",
      "type": "string"
    },
    "vcn_id": {
      "value": "ocid1.vcn.oc1.uk-london-1.amaaaaaa2vuvcxaakdeqnqgsahscnwsjykuxhe47hpql3jzc4jenvwsyse5q",
      "type": "string"
    }
  },
  "resources": [
    {
      "mode": "data",
      "type": "oci_identity_availability_domains",
      "name": "ads",
      "provider": "provider[\"registry.terraform.io/hashicorp/oci\"]",
      "instances": [
        {
          "schema_version": 0,
          "attributes": {
            "availability_domains": [
              {
                "compartment_id": "ocid1.tenancy.oc1..aaaaaaaa44lgjvd3jfviprvf2yeuhmlty56cyy5dx7gdxnfhketzc73mlmja",
                "id": "ocid1.availabilitydomain.oc1..aaaaaaaapjv4p3qtly2fesrig77q4tlmi3wvakeet6fskc7do2fmawz3xctq",
                "name": "jyYF:UK-LONDON-1-AD-1"
              },
              {
                "compartment_id": "ocid1.tenancy.oc1..aaaaaaaa44lgjvd3jfviprvf2yeuhmlty56cyy5dx7gdxnfhketzc73mlmja",
                "id": "ocid1.availabilitydomain.oc1..aaaaaaaaw2i3i53quioaywmhx56ss5plwk7bmmeg2266lo7inilhbizeroua",
                "name": "jyYF:UK-LONDON-1-AD-2"
              },
              {
                "compartment_id": "ocid1.tenancy.oc1..aaaaaaaa44lgjvd3jfviprvf2yeuhmlty56cyy5dx7gdxnfhketzc73mlmja",
                "id": "ocid1.availabilitydomain.oc1..aaaaaaaac6kgqnl5eberztbdm2ufhpxohk7cuelajmafpqa3m6rpri4tc2yq",
                "name": "jyYF:UK-LONDON-1-AD-3"
              }
            ],
            "compartment_id": "ocid1.tenancy.oc1..aaaaaaaa44lgjvd3jfviprvf2yeuhmlty56cyy5dx7gdxnfhketzc73mlmja",
            "filter": null,
            "id": "IdentityAvailabilityDomainsDataSource-734572440"
          },
          "sensitive_attributes": []
        }
      ]
    },
    {
      "mode": "managed",
      "type": "cloudflare_record",
      "name": "wanderingshibe",
      "provider": "provider[\"registry.terraform.io/cloudflare/cloudflare\"]",
      "instances": [
        {
          "schema_version": 2,
          "attributes": {
            "allow_overwrite": false,
            "comment": "",
            "created_on": "2024-03-02T16:50:00.354127Z",
            "data": [],
            "hostname": "wanderingshibe.wanderingshibe.duckdns.org",
            "id": "875ae3428f7303e147c0f01c08fb5330",
            "metadata": {
              "auto_added": "false",
              "managed_by_apps": "false",
              "managed_by_argo_tunnel": "false"
            },
            "modified_on": "2024-03-02T16:50:00.354127Z",
            "name": "wanderingshibe",
            "priority": null,
            "proxiable": true,
            "proxied": false,
            "tags": null,
            "timeouts": null,
            "ttl": 1,
            "type": "A",
            "value": "132.145.67.21",
            "zone_id": "43ba6eb9caccc54b045e3fd9088fc371"
          },
          "sensitive_attributes": [],
          "private": "eyJlMmJmYjczMC1lY2FhLTExZTYtOGY4OC0zNDM2M2JjN2M0YzAiOnsiY3JlYXRlIjozMDAwMDAwMDAwMCwidXBkYXRlIjozMDAwMDAwMDAwMH0sInNjaGVtYV92ZXJzaW9uIjoiMiJ9"
        }
      ]
    },
    {
      "mode": "managed",
      "type": "oci_core_instance",
      "name": "ubuntu_instance",
      "provider": "provider[\"registry.terraform.io/hashicorp/oci\"]",
      "instances": [
        {
          "schema_version": 0,
          "attributes": {
            "agent_config": [
              {
                "are_all_plugins_disabled": false,
                "is_management_disabled": false,
                "is_monitoring_disabled": false,
                "plugins_config": []
              }
            ],
            "async": null,
            "availability_config": [
              {
                "is_live_migration_preferred": false,
                "recovery_action": "RESTORE_INSTANCE"
              }
            ],
            "availability_domain": "jyYF:UK-LONDON-1-AD-1",
            "boot_volume_id": "ocid1.bootvolume.oc1.uk-london-1.abwgiljtp5xeilw6p64joaiz5sphw7swnulhyyefqklme5i6awkjvh4eg5xq",
            "capacity_reservation_id": null,
            "compartment_id": "ocid1.tenancy.oc1..aaaaaaaa44lgjvd3jfviprvf2yeuhmlty56cyy5dx7gdxnfhketzc73mlmja",
            "compute_cluster_id": null,
            "create_vnic_details": [
              {
                "assign_ipv6ip": false,
                "assign_private_dns_record": false,
                "assign_public_ip": "true",
                "defined_tags": {
                  "Oracle-Tags.CreatedBy": "default/karlodukwe@gmail.com",
                  "Oracle-Tags.CreatedOn": "2024-03-02T16:39:02.059Z"
                },
                "display_name": "free-tier-ubuntu-vm",
                "freeform_tags": {},
                "hostname_label": "",
                "ipv6address_ipv6subnet_cidr_pair_details": [],
                "nsg_ids": [],
                "private_ip": "10.0.0.60",
                "skip_source_dest_check": false,
                "subnet_id": "ocid1.subnet.oc1.uk-london-1.aaaaaaaamey6jxonqvys7wrcu6nvko5xbvitw55vgt4qemlxqxdjmyxspa7q",
                "vlan_id": ""
              }
            ],
            "dedicated_vm_host_id": null,
            "defined_tags": {
              "Oracle-Tags.CreatedBy": "default/karlodukwe@gmail.com",
              "Oracle-Tags.CreatedOn": "2024-03-02T16:39:01.918Z"
            },
            "display_name": "free-tier-ubuntu-vm",
            "extended_metadata": {},
            "fault_domain": "FAULT-DOMAIN-1",
            "freeform_tags": {},
            "hostname_label": "",
            "id": "ocid1.instance.oc1.uk-london-1.anwgiljt2vuvcxac5sdliiekzq47m3udp3f37clue3dnfzq6sejsr3uthh7q",
            "image": "ocid1.image.oc1.uk-london-1.aaaaaaaae5jkggzpghgfllliqopjupxceevyeyuhcq575lxizpbsnqihxpvq",
            "instance_configuration_id": null,
            "instance_options": [
              {
                "are_legacy_imds_endpoints_disabled": false
              }
            ],
            "ipxe_script": null,
            "is_cross_numa_node": false,
            "is_pv_encryption_in_transit_enabled": null,
            "launch_mode": "PARAVIRTUALIZED",
            "launch_options": [
              {
                "boot_volume_type": "PARAVIRTUALIZED",
                "firmware": "UEFI_64",
                "is_consistent_volume_naming_enabled": true,
                "is_pv_encryption_in_transit_enabled": false,
                "network_type": "PARAVIRTUALIZED",
                "remote_data_volume_type": "PARAVIRTUALIZED"
              }
            ],
            "metadata": {
              "ssh_authorized_keys": "ssh-rsa AAAAB3NzaC1yc2EAAAADAQABAAABAQDQS3TtKA0AcdNuTfeU6DUxyg/cgXYBBRNmgzjaMBVOvasY/IS1/EmQ6G3jgyb5GzRiiGZFdWKMEQOStDRHkvG7+TYn1FJbOpSBfHcnfp+LcjFqAK7KdT2O2p81ZpbbkkK3/b5ZTpiMjAtEggm1nEuAXU5wPf+2GljYHT9vJZ7xI9TT4xCs5TdLAxfNq3XNZbxII5loMntG2FNgmRjO40I7OPcO5tIB080mu/MKbCB9eg/DXlGEsfMPEfIL/AU8jsnkQKFgqMmFCHzq3+WMu39htRkLs1zs7yJDrZ0Q4E94EV++ESbWcnF5VL+DkTk1oSVCQngreLGPqx3F5oCoCIbj karlodukwe@f190cdd6af98"
            },
            "platform_config": [],
            "preemptible_instance_config": [],
            "preserve_boot_volume": false,
            "private_ip": "10.0.0.60",
            "public_ip": "132.145.67.21",
            "region": "uk-london-1",
            "shape": "VM.Standard.E2.1.Micro",
            "shape_config": [
              {
                "baseline_ocpu_utilization": "",
                "gpu_description": "",
                "gpus": 0,
                "local_disk_description": "",
                "local_disks": 0,
                "local_disks_total_size_in_gbs": 0,
                "max_vnic_attachments": 1,
                "memory_in_gbs": 1,
                "networking_bandwidth_in_gbps": 0.47999998927116394,
                "nvmes": 0,
                "ocpus": 1,
                "processor_description": "2.0 GHz AMD EPYC™ 7551 (Naples)",
                "vcpus": 2
              }
            ],
            "source_details": [
              {
                "boot_volume_size_in_gbs": "47",
                "boot_volume_vpus_per_gb": "10",
                "instance_source_image_filter_details": [],
                "kms_key_id": "",
                "source_id": "ocid1.image.oc1.uk-london-1.aaaaaaaae5jkggzpghgfllliqopjupxceevyeyuhcq575lxizpbsnqihxpvq",
                "source_type": "image"
              }
            ],
            "state": "RUNNING",
            "subnet_id": "ocid1.subnet.oc1.uk-london-1.aaaaaaaamey6jxonqvys7wrcu6nvko5xbvitw55vgt4qemlxqxdjmyxspa7q",
            "system_tags": {
              "orcl-cloud.free-tier-retained": "true"
            },
            "time_created": "2024-03-02 16:39:02.535 +0000 UTC",
            "time_maintenance_reboot_due": "",
            "timeouts": null,
            "update_operation_constraint": null
          },
          "sensitive_attributes": [],
          "private": "eyJlMmJmYjczMC1lY2FhLTExZTYtOGY4OC0zNDM2M2JjN2M0YzAiOnsiY3JlYXRlIjoyNzAwMDAwMDAwMDAwLCJkZWxldGUiOjQ1MDAwMDAwMDAwMDAsInVwZGF0ZSI6MjcwMDAwMDAwMDAwMH19",
          "dependencies": [
            "data.oci_identity_availability_domains.ads"
          ]
        }
      ]
    },
    {
      "mode": "managed",
      "type": "oci_core_security_list",
      "name": "private-security-list",
      "provider": "provider[\"registry.terraform.io/hashicorp/oci\"]",
      "instances": [
        {
          "schema_version": 0,
          "attributes": {
            "compartment_id": "ocid1.tenancy.oc1..aaaaaaaa44lgjvd3jfviprvf2yeuhmlty56cyy5dx7gdxnfhketzc73mlmja",
            "defined_tags": {
              "Oracle-Tags.CreatedBy": "default/karlodukwe@gmail.com",
              "Oracle-Tags.CreatedOn": "2024-03-02T16:39:01.992Z"
            },
            "display_name": "security-list-for-private-subnet",
            "egress_security_rules": [
              {
                "description": "",
                "destination": "0.0.0.0/0",
                "destination_type": "CIDR_BLOCK",
                "icmp_options": [],
                "protocol": "all",
                "stateless": false,
                "tcp_options": [],
                "udp_options": []
              }
            ],
            "freeform_tags": {},
            "id": "ocid1.securitylist.oc1.uk-london-1.aaaaaaaazzqfhghugjhw3h46cadbffaxmzlnrva5evfnmtodeh3ujvwngsqq",
            "ingress_security_rules": [
              {
                "description": "",
                "icmp_options": [
                  {
                    "code": -1,
                    "type": 3
                  }
                ],
                "protocol": "1",
                "source": "10.0.0.0/16",
                "source_type": "CIDR_BLOCK",
                "stateless": false,
                "tcp_options": [],
                "udp_options": []
              },
              {
                "description": "",
                "icmp_options": [
                  {
                    "code": 4,
                    "type": 3
                  }
                ],
                "protocol": "1",
                "source": "0.0.0.0/0",
                "source_type": "CIDR_BLOCK",
                "stateless": false,
                "tcp_options": [],
                "udp_options": []
              },
              {
                "description": "",
                "icmp_options": [],
                "protocol": "6",
                "source": "10.0.0.0/16",
                "source_type": "CIDR_BLOCK",
                "stateless": false,
                "tcp_options": [
                  {
                    "max": 22,
                    "min": 22,
                    "source_port_range": []
                  }
                ],
                "udp_options": []
              }
            ],
            "state": "AVAILABLE",
            "time_created": "2024-03-02 16:39:02.033 +0000 UTC",
            "timeouts": null,
            "vcn_id": "ocid1.vcn.oc1.uk-london-1.amaaaaaa2vuvcxaakdeqnqgsahscnwsjykuxhe47hpql3jzc4jenvwsyse5q"
          },
          "sensitive_attributes": [],
          "private": "eyJlMmJmYjczMC1lY2FhLTExZTYtOGY4OC0zNDM2M2JjN2M0YzAiOnsiY3JlYXRlIjoxMjAwMDAwMDAwMDAwLCJkZWxldGUiOjEyMDAwMDAwMDAwMDAsInVwZGF0ZSI6MTIwMDAwMDAwMDAwMH19",
          "dependencies": [
            "module.vcn.oci_core_vcn.vcn"
          ]
        }
      ]
    },
    {
      "mode": "managed",
      "type": "oci_core_security_list",
      "name": "public-security-list",
      "provider": "provider[\"registry.terraform.io/hashicorp/oci\"]",
      "instances": [
        {
          "schema_version": 0,
          "attributes": {
            "compartment_id": "ocid1.tenancy.oc1..aaaaaaaa44lgjvd3jfviprvf2yeuhmlty56cyy5dx7gdxnfhketzc73mlmja",
            "defined_tags": {
              "Oracle-Tags.CreatedBy": "default/karlodukwe@gmail.com",
              "Oracle-Tags.CreatedOn": "2024-03-02T16:39:01.992Z"
            },
            "display_name": "security-list-for-public-subnet",
            "egress_security_rules": [
              {
                "description": "",
                "destination": "0.0.0.0/0",
                "destination_type": "CIDR_BLOCK",
                "icmp_options": [],
                "protocol": "all",
                "stateless": false,
                "tcp_options": [],
                "udp_options": []
              }
            ],
            "freeform_tags": {},
            "id": "ocid1.securitylist.oc1.uk-london-1.aaaaaaaa6s2hlwgbbetihoiri3rtissile26o4oqnolpu5d6t4yijf4hdgka",
            "ingress_security_rules": [
              {
                "description": "",
                "icmp_options": [
                  {
                    "code": -1,
                    "type": 3
                  }
                ],
                "protocol": "1",
                "source": "10.0.0.0/16",
                "source_type": "CIDR_BLOCK",
                "stateless": false,
                "tcp_options": [],
                "udp_options": []
              },
              {
                "description": "",
                "icmp_options": [
                  {
                    "code": 4,
                    "type": 3
                  }
                ],
                "protocol": "1",
                "source": "0.0.0.0/0",
                "source_type": "CIDR_BLOCK",
                "stateless": false,
                "tcp_options": [],
                "udp_options": []
              },
              {
                "description": "",
                "icmp_options": [],
                "protocol": "6",
                "source": "0.0.0.0/0",
                "source_type": "CIDR_BLOCK",
                "stateless": false,
                "tcp_options": [
                  {
                    "max": 22,
                    "min": 22,
                    "source_port_range": []
                  }
                ],
                "udp_options": []
              }
            ],
            "state": "AVAILABLE",
            "time_created": "2024-03-02 16:39:02.026 +0000 UTC",
            "timeouts": null,
            "vcn_id": "ocid1.vcn.oc1.uk-london-1.amaaaaaa2vuvcxaakdeqnqgsahscnwsjykuxhe47hpql3jzc4jenvwsyse5q"
          },
          "sensitive_attributes": [],
          "private": "eyJlMmJmYjczMC1lY2FhLTExZTYtOGY4OC0zNDM2M2JjN2M0YzAiOnsiY3JlYXRlIjoxMjAwMDAwMDAwMDAwLCJkZWxldGUiOjEyMDAwMDAwMDAwMDAsInVwZGF0ZSI6MTIwMDAwMDAwMDAwMH19",
          "dependencies": [
            "module.vcn.oci_core_vcn.vcn"
          ]
        }
      ]
    },
    {
      "mode": "managed",
      "type": "oci_core_subnet",
      "name": "vcn-private-subnet",
      "provider": "provider[\"registry.terraform.io/hashicorp/oci\"]",
      "instances": [
        {
          "schema_version": 0,
          "attributes": {
            "availability_domain": null,
            "cidr_block": "10.0.1.0/24",
            "compartment_id": "ocid1.tenancy.oc1..aaaaaaaa44lgjvd3jfviprvf2yeuhmlty56cyy5dx7gdxnfhketzc73mlmja",
            "defined_tags": {
              "Oracle-Tags.CreatedBy": "default/karlodukwe@gmail.com",
              "Oracle-Tags.CreatedOn": "2024-03-02T16:39:02.355Z"
            },
            "dhcp_options_id": "ocid1.dhcpoptions.oc1.uk-london-1.aaaaaaaa7c3ipawy3ppjekced6qdnwce5jdgfs7p4yfnj2vvnquu77gvpfda",
            "display_name": "private-subnet",
            "dns_label": null,
            "freeform_tags": {},
            "id": "ocid1.subnet.oc1.uk-london-1.aaaaaaaa6xavhqfvvq6olr432dgsx776uwnzycpxq42tcurh5mqvhappzgmq",
            "ipv6cidr_block": null,
            "ipv6cidr_blocks": [],
            "ipv6virtual_router_ip": null,
            "prohibit_internet_ingress": false,
            "prohibit_public_ip_on_vnic": false,
            "route_table_id": "ocid1.routetable.oc1.uk-london-1.aaaaaaaan7h3st3uxvdcxsxysir4rfw7xltm4vb54nyrvlnkjjvpvsjt442a",
            "security_list_ids": [
              "ocid1.securitylist.oc1.uk-london-1.aaaaaaaazzqfhghugjhw3h46cadbffaxmzlnrva5evfnmtodeh3ujvwngsqq"
            ],
            "state": "AVAILABLE",
            "subnet_domain_name": null,
            "time_created": "2024-03-02 16:39:02.392 +0000 UTC",
            "timeouts": null,
            "vcn_id": "ocid1.vcn.oc1.uk-london-1.amaaaaaa2vuvcxaakdeqnqgsahscnwsjykuxhe47hpql3jzc4jenvwsyse5q",
            "virtual_router_ip": "10.0.1.1",
            "virtual_router_mac": "00:00:17:6A:C3:42"
          },
          "sensitive_attributes": [],
          "private": "eyJlMmJmYjczMC1lY2FhLTExZTYtOGY4OC0zNDM2M2JjN2M0YzAiOnsiY3JlYXRlIjoxMjAwMDAwMDAwMDAwLCJkZWxldGUiOjEyMDAwMDAwMDAwMDAsInVwZGF0ZSI6MTIwMDAwMDAwMDAwMH19",
          "dependencies": [
            "module.vcn.data.oci_core_services.all_oci_services",
            "module.vcn.module.drg_from_vcn_module.oci_core_drg.drg",
            "module.vcn.oci_core_nat_gateway.nat_gateway",
            "module.vcn.oci_core_route_table.nat",
            "module.vcn.oci_core_service_gateway.service_gateway",
            "module.vcn.oci_core_vcn.vcn",
            "oci_core_security_list.private-security-list"
          ]
        }
      ]
    },
    {
      "mode": "managed",
      "type": "oci_core_subnet",
      "name": "vcn-public-subnet",
      "provider": "provider[\"registry.terraform.io/hashicorp/oci\"]",
      "instances": [
        {
          "schema_version": 0,
          "attributes": {
            "availability_domain": null,
            "cidr_block": "10.0.0.0/24",
            "compartment_id": "ocid1.tenancy.oc1..aaaaaaaa44lgjvd3jfviprvf2yeuhmlty56cyy5dx7gdxnfhketzc73mlmja",
            "defined_tags": {
              "Oracle-Tags.CreatedBy": "default/karlodukwe@gmail.com",
              "Oracle-Tags.CreatedOn": "2024-03-02T16:39:02.839Z"
            },
            "dhcp_options_id": "ocid1.dhcpoptions.oc1.uk-london-1.aaaaaaaa7c3ipawy3ppjekced6qdnwce5jdgfs7p4yfnj2vvnquu77gvpfda",
            "display_name": "public-subnet",
            "dns_label": null,
            "freeform_tags": {},
            "id": "ocid1.subnet.oc1.uk-london-1.aaaaaaaagfu7gnvusds3on2lwjbjwmq5v3t53ajx2fjv7uz57t62ooozfgka",
            "ipv6cidr_block": null,
            "ipv6cidr_blocks": [],
            "ipv6virtual_router_ip": null,
            "prohibit_internet_ingress": false,
            "prohibit_public_ip_on_vnic": false,
            "route_table_id": "ocid1.routetable.oc1.uk-london-1.aaaaaaaamt3euy7fdixemkslcylcn62eptksqufgskxbqd4tgw7oangbg6za",
            "security_list_ids": [
              "ocid1.securitylist.oc1.uk-london-1.aaaaaaaa6s2hlwgbbetihoiri3rtissile26o4oqnolpu5d6t4yijf4hdgka"
            ],
            "state": "AVAILABLE",
            "subnet_domain_name": null,
            "time_created": "2024-03-02 16:39:02.909 +0000 UTC",
            "timeouts": null,
            "vcn_id": "ocid1.vcn.oc1.uk-london-1.amaaaaaa2vuvcxaakdeqnqgsahscnwsjykuxhe47hpql3jzc4jenvwsyse5q",
            "virtual_router_ip": "10.0.0.1",
            "virtual_router_mac": "00:00:17:6A:C3:42"
          },
          "sensitive_attributes": [],
          "private": "eyJlMmJmYjczMC1lY2FhLTExZTYtOGY4OC0zNDM2M2JjN2M0YzAiOnsiY3JlYXRlIjoxMjAwMDAwMDAwMDAwLCJkZWxldGUiOjEyMDAwMDAwMDAwMDAsInVwZGF0ZSI6MTIwMDAwMDAwMDAwMH19",
          "dependencies": [
            "module.vcn.module.drg_from_vcn_module.oci_core_drg.drg",
            "module.vcn.oci_core_internet_gateway.ig",
            "module.vcn.oci_core_route_table.ig",
            "module.vcn.oci_core_vcn.vcn",
            "oci_core_security_list.public-security-list"
          ]
        }
      ]
    },
    {
      "mode": "managed",
      "type": "oci_identity_compartment",
      "name": "tf-compartment",
      "provider": "provider[\"registry.terraform.io/hashicorp/oci\"]",
      "instances": [
        {
          "schema_version": 0,
          "attributes": {
            "compartment_id": "ocid1.tenancy.oc1..aaaaaaaa44lgjvd3jfviprvf2yeuhmlty56cyy5dx7gdxnfhketzc73mlmja",
            "defined_tags": {
              "Oracle-Tags.CreatedBy": "default/karlodukwe@gmail.com",
              "Oracle-Tags.CreatedOn": "2024-02-27T16:50:59.058Z"
            },
            "description": "Compartment for Terraform resources.",
            "enable_delete": null,
            "freeform_tags": {},
            "id": "ocid1.compartment.oc1..aaaaaaaagvtq3jvmmttn7thsipgc7awu3cidli4h2bimyenhktdm6hgxzorq",
            "inactive_state": null,
            "is_accessible": true,
            "name": "oci-compartment-1",
            "state": "ACTIVE",
            "time_created": "2024-02-27 16:50:59.133 +0000 UTC",
            "timeouts": null
          },
          "sensitive_attributes": [],
          "private": "eyJlMmJmYjczMC1lY2FhLTExZTYtOGY4OC0zNDM2M2JjN2M0YzAiOnsiZGVsZXRlIjo1NDAwMDAwMDAwMDAwfX0="
        }
      ]
    },
    {
      "module": "module.vcn",
      "mode": "managed",
      "type": "oci_core_default_security_list",
      "name": "lockdown",
      "provider": "provider[\"registry.terraform.io/hashicorp/oci\"]",
      "instances": [
        {
          "index_key": 0,
          "schema_version": 0,
          "attributes": {
            "compartment_id": "ocid1.tenancy.oc1..aaaaaaaa44lgjvd3jfviprvf2yeuhmlty56cyy5dx7gdxnfhketzc73mlmja",
            "defined_tags": {
              "Oracle-Tags.CreatedBy": "default/karlodukwe@gmail.com",
              "Oracle-Tags.CreatedOn": "2024-03-02T16:39:01.159Z"
            },
            "display_name": "Default Security List for lodis-vcn-2",
            "egress_security_rules": [],
            "freeform_tags": {
              "module": "oracle-terraform-modules/vcn/oci",
              "terraformed": "Please do not edit manually"
            },
            "id": "ocid1.securitylist.oc1.uk-london-1.aaaaaaaali6i765puzzxukl7d6z5ffy3jw6dzmkogtwcx6ygioy23zj56izq",
            "ingress_security_rules": [],
            "manage_default_resource_id": "ocid1.securitylist.oc1.uk-london-1.aaaaaaaali6i765puzzxukl7d6z5ffy3jw6dzmkogtwcx6ygioy23zj56izq",
            "state": "AVAILABLE",
            "time_created": "2024-03-02 16:39:01.264 +0000 UTC",
            "timeouts": null
          },
          "sensitive_attributes": [],
          "private": "eyJlMmJmYjczMC1lY2FhLTExZTYtOGY4OC0zNDM2M2JjN2M0YzAiOnsiY3JlYXRlIjoxMjAwMDAwMDAwMDAwLCJkZWxldGUiOjEyMDAwMDAwMDAwMDAsInVwZGF0ZSI6MTIwMDAwMDAwMDAwMH19",
          "dependencies": [
            "module.vcn.oci_core_vcn.vcn"
          ]
        }
      ]
    },
    {
      "module": "module.vcn",
      "mode": "managed",
      "type": "oci_core_internet_gateway",
      "name": "ig",
      "provider": "provider[\"registry.terraform.io/hashicorp/oci\"]",
      "instances": [
        {
          "index_key": 0,
          "schema_version": 0,
          "attributes": {
            "compartment_id": "ocid1.tenancy.oc1..aaaaaaaa44lgjvd3jfviprvf2yeuhmlty56cyy5dx7gdxnfhketzc73mlmja",
            "defined_tags": {
              "Oracle-Tags.CreatedBy": "default/karlodukwe@gmail.com",
              "Oracle-Tags.CreatedOn": "2024-03-02T16:39:01.895Z"
            },
            "display_name": "internet-gateway",
            "enabled": true,
            "freeform_tags": {
              "module": "oracle-terraform-modules/vcn/oci",
              "terraformed": "Please do not edit manually"
            },
            "id": "ocid1.internetgateway.oc1.uk-london-1.aaaaaaaa6rbsvj4t5kubv7koubi3lauduethfpkyewfqha4x2kdkxpkwttrq",
            "route_table_id": null,
            "state": "AVAILABLE",
            "time_created": "2024-03-02 16:39:01.928 +0000 UTC",
            "timeouts": null,
            "vcn_id": "ocid1.vcn.oc1.uk-london-1.amaaaaaa2vuvcxaakdeqnqgsahscnwsjykuxhe47hpql3jzc4jenvwsyse5q"
          },
          "sensitive_attributes": [],
          "private": "eyJlMmJmYjczMC1lY2FhLTExZTYtOGY4OC0zNDM2M2JjN2M0YzAiOnsiY3JlYXRlIjoxMjAwMDAwMDAwMDAwLCJkZWxldGUiOjEyMDAwMDAwMDAwMDAsInVwZGF0ZSI6MTIwMDAwMDAwMDAwMH19",
          "dependencies": [
            "module.vcn.oci_core_vcn.vcn"
          ]
        }
      ]
    },
    {
      "module": "module.vcn",
      "mode": "managed",
      "type": "oci_core_route_table",
      "name": "ig",
      "provider": "provider[\"registry.terraform.io/hashicorp/oci\"]",
      "instances": [
        {
          "index_key": 0,
          "schema_version": 0,
          "attributes": {
            "compartment_id": "ocid1.tenancy.oc1..aaaaaaaa44lgjvd3jfviprvf2yeuhmlty56cyy5dx7gdxnfhketzc73mlmja",
            "defined_tags": {
              "Oracle-Tags.CreatedBy": "default/karlodukwe@gmail.com",
              "Oracle-Tags.CreatedOn": "2024-03-02T16:39:02.432Z"
            },
            "display_name": "internet-route",
            "freeform_tags": {
              "module": "oracle-terraform-modules/vcn/oci",
              "terraformed": "Please do not edit manually"
            },
            "id": "ocid1.routetable.oc1.uk-london-1.aaaaaaaamt3euy7fdixemkslcylcn62eptksqufgskxbqd4tgw7oangbg6za",
            "route_rules": [
              {
                "cidr_block": "",
                "description": "Terraformed - Auto-generated at Internet Gateway creation: Internet Gateway as default gateway",
                "destination": "0.0.0.0/0",
                "destination_type": "CIDR_BLOCK",
                "network_entity_id": "ocid1.internetgateway.oc1.uk-london-1.aaaaaaaa6rbsvj4t5kubv7koubi3lauduethfpkyewfqha4x2kdkxpkwttrq",
                "route_type": ""
              }
            ],
            "state": "AVAILABLE",
            "time_created": "2024-03-02 16:39:02.451 +0000 UTC",
            "timeouts": null,
            "vcn_id": "ocid1.vcn.oc1.uk-london-1.amaaaaaa2vuvcxaakdeqnqgsahscnwsjykuxhe47hpql3jzc4jenvwsyse5q"
          },
          "sensitive_attributes": [],
          "private": "eyJlMmJmYjczMC1lY2FhLTExZTYtOGY4OC0zNDM2M2JjN2M0YzAiOnsiY3JlYXRlIjoxMjAwMDAwMDAwMDAwLCJkZWxldGUiOjEyMDAwMDAwMDAwMDAsInVwZGF0ZSI6MTIwMDAwMDAwMDAwMH19",
          "dependencies": [
            "module.vcn.module.drg_from_vcn_module.oci_core_drg.drg",
            "module.vcn.oci_core_internet_gateway.ig",
            "module.vcn.oci_core_vcn.vcn"
          ]
        }
      ]
    },
    {
      "module": "module.vcn",
      "mode": "managed",
      "type": "oci_core_vcn",
      "name": "vcn",
      "provider": "provider[\"registry.terraform.io/hashicorp/oci\"]",
      "instances": [
        {
          "schema_version": 0,
          "attributes": {
            "byoipv6cidr_blocks": [],
            "byoipv6cidr_details": [],
            "cidr_block": "10.0.0.0/16",
            "cidr_blocks": [
              "10.0.0.0/16"
            ],
            "compartment_id": "ocid1.tenancy.oc1..aaaaaaaa44lgjvd3jfviprvf2yeuhmlty56cyy5dx7gdxnfhketzc73mlmja",
            "default_dhcp_options_id": "ocid1.dhcpoptions.oc1.uk-london-1.aaaaaaaa7c3ipawy3ppjekced6qdnwce5jdgfs7p4yfnj2vvnquu77gvpfda",
            "default_route_table_id": "ocid1.routetable.oc1.uk-london-1.aaaaaaaan7h3st3uxvdcxsxysir4rfw7xltm4vb54nyrvlnkjjvpvsjt442a",
            "default_security_list_id": "ocid1.securitylist.oc1.uk-london-1.aaaaaaaali6i765puzzxukl7d6z5ffy3jw6dzmkogtwcx6ygioy23zj56izq",
            "defined_tags": {
              "Oracle-Tags.CreatedBy": "default/karlodukwe@gmail.com",
              "Oracle-Tags.CreatedOn": "2024-03-02T16:39:01.159Z"
            },
            "display_name": "lodis-vcn-2",
            "dns_label": "vcnmodule",
            "freeform_tags": {
              "module": "oracle-terraform-modules/vcn/oci",
              "terraformed": "Please do not edit manually"
            },
            "id": "ocid1.vcn.oc1.uk-london-1.amaaaaaa2vuvcxaakdeqnqgsahscnwsjykuxhe47hpql3jzc4jenvwsyse5q",
            "ipv6cidr_blocks": [],
            "ipv6private_cidr_blocks": [],
            "is_ipv6enabled": false,
            "is_oracle_gua_allocation_enabled": null,
            "state": "AVAILABLE",
            "time_created": "2024-03-02 16:39:01.264 +0000 UTC",
            "timeouts": null,
            "vcn_domain_name": "vcnmodule.oraclevcn.com"
          },
          "sensitive_attributes": [],
          "private": "eyJlMmJmYjczMC1lY2FhLTExZTYtOGY4OC0zNDM2M2JjN2M0YzAiOnsiY3JlYXRlIjoxMjAwMDAwMDAwMDAwLCJkZWxldGUiOjEyMDAwMDAwMDAwMDAsInVwZGF0ZSI6MTIwMDAwMDAwMDAwMH19"
        }
      ]
    }
  ],
  "check_results": [
    {
      "object_kind": "var",
      "config_addr": "module.vcn.var.drg_display_name",
      "status": "pass",
      "objects": [
        {
          "object_addr": "module.vcn.var.drg_display_name",
          "status": "pass"
        }
      ]
    },
    {
      "object_kind": "var",
      "config_addr": "module.vcn.var.internet_gateway_display_name",
      "status": "pass",
      "objects": [
        {
          "object_addr": "module.vcn.var.internet_gateway_display_name",
          "status": "pass"
        }
      ]
    },
    {
      "object_kind": "var",
      "config_addr": "module.vcn.var.nat_gateway_display_name",
      "status": "pass",
      "objects": [
        {
          "object_addr": "module.vcn.var.nat_gateway_display_name",
          "status": "pass"
        }
      ]
    },
    {
      "object_kind": "var",
      "config_addr": "module.vcn.var.vcn_dns_label",
      "status": "pass",
      "objects": [
        {
          "object_addr": "module.vcn.var.vcn_dns_label",
          "status": "pass"
        }
      ]
    },
    {
      "object_kind": "var",
      "config_addr": "module.vcn.var.service_gateway_display_name",
      "status": "pass",
      "objects": [
        {
          "object_addr": "module.vcn.var.service_gateway_display_name",
          "status": "pass"
        }
      ]
    },
    {
      "object_kind": "var",
      "config_addr": "module.vcn.module.drg_from_vcn_module.var.drg_display_name",
      "status": "pass",
      "objects": null
    },
    {
      "object_kind": "var",
      "config_addr": "module.vcn.var.vcn_name",
      "status": "pass",
      "objects": [
        {
          "object_addr": "module.vcn.var.vcn_name",
          "status": "pass"
        }
      ]
    }
  ]
}
