{
  "version": 4,
  "terraform_version": "1.7.3",
  "serial": 3,
  "lineage": "d95562e0-c6d7-84c0-8bd6-aa2b6e4bc882",
  "outputs": {
    "instance-OCID": {
      "value": "ocid1.instance.oc1.uk-london-1.anwgiljt2vuvcxac5ohwtvgqbyzb42ckg5ucn24bw3j2zqfizu5pno3vdnoq",
      "type": "string"
    },
    "instance-OCPUs": {
      "value": 1,
      "type": "number"
    },
    "instance-memory-in-GBs": {
      "value": 1,
      "type": "number"
    },
    "instance-name": {
      "value": "free-tier-ubuntu-vm",
      "type": "string"
    },
    "instance-region": {
      "value": "uk-london-1",
      "type": "string"
    },
    "instance-shape": {
      "value": "VM.Standard.E2.1.Micro",
      "type": "string"
    },
    "instance-state": {
      "value": "RUNNING",
      "type": "string"
    },
    "name-of-first-availability-domain": {
      "value": "jyYF:UK-LONDON-1-AD-1",
      "type": "string"
    },
    "public-ip-for-compute-instance": {
      "value": "132.145.54.182",
      "type": "string"
    },
    "time-created": {
      "value": "2024-02-27 23:36:14.553 +0000 UTC",
      "type": "string"
    }
  },
  "resources": [
    {
      "mode": "data",
      "type": "oci_identity_availability_domains",
      "name": "ads",
      "provider": "provider[\"registry.terraform.io/hashicorp/oci\"]",
      "instances": [
        {
          "schema_version": 0,
          "attributes": {
            "availability_domains": [
              {
                "compartment_id": "ocid1.tenancy.oc1..aaaaaaaa44lgjvd3jfviprvf2yeuhmlty56cyy5dx7gdxnfhketzc73mlmja",
                "id": "ocid1.availabilitydomain.oc1..aaaaaaaapjv4p3qtly2fesrig77q4tlmi3wvakeet6fskc7do2fmawz3xctq",
                "name": "jyYF:UK-LONDON-1-AD-1"
              },
              {
                "compartment_id": "ocid1.tenancy.oc1..aaaaaaaa44lgjvd3jfviprvf2yeuhmlty56cyy5dx7gdxnfhketzc73mlmja",
                "id": "ocid1.availabilitydomain.oc1..aaaaaaaaw2i3i53quioaywmhx56ss5plwk7bmmeg2266lo7inilhbizeroua",
                "name": "jyYF:UK-LONDON-1-AD-2"
              },
              {
                "compartment_id": "ocid1.tenancy.oc1..aaaaaaaa44lgjvd3jfviprvf2yeuhmlty56cyy5dx7gdxnfhketzc73mlmja",
                "id": "ocid1.availabilitydomain.oc1..aaaaaaaac6kgqnl5eberztbdm2ufhpxohk7cuelajmafpqa3m6rpri4tc2yq",
                "name": "jyYF:UK-LONDON-1-AD-3"
              }
            ],
            "compartment_id": "ocid1.tenancy.oc1..aaaaaaaa44lgjvd3jfviprvf2yeuhmlty56cyy5dx7gdxnfhketzc73mlmja",
            "filter": null,
            "id": "IdentityAvailabilityDomainsDataSource-734572440"
          },
          "sensitive_attributes": []
        }
      ]
    },
    {
      "mode": "managed",
      "type": "oci_core_instance",
      "name": "ubuntu_instance",
      "provider": "provider[\"registry.terraform.io/hashicorp/oci\"]",
      "instances": [
        {
          "schema_version": 0,
          "attributes": {
            "agent_config": [
              {
                "are_all_plugins_disabled": false,
                "is_management_disabled": false,
                "is_monitoring_disabled": false,
                "plugins_config": []
              }
            ],
            "async": null,
            "availability_config": [
              {
                "is_live_migration_preferred": false,
                "recovery_action": "RESTORE_INSTANCE"
              }
            ],
            "availability_domain": "jyYF:UK-LONDON-1-AD-1",
            "boot_volume_id": "ocid1.bootvolume.oc1.uk-london-1.abwgiljtqcu5a5ekwfoxijup6mnthxyjf663acay2g5ajbxx2zr3exmusyla",
            "capacity_reservation_id": null,
            "compartment_id": "ocid1.compartment.oc1..aaaaaaaagvtq3jvmmttn7thsipgc7awu3cidli4h2bimyenhktdm6hgxzorq",
            "compute_cluster_id": null,
            "create_vnic_details": [
              {
                "assign_ipv6ip": false,
                "assign_private_dns_record": false,
                "assign_public_ip": "true",
                "defined_tags": {
                  "Oracle-Tags.CreatedBy": "default/karlodukwe@gmail.com",
                  "Oracle-Tags.CreatedOn": "2024-02-27T23:36:14.252Z"
                },
                "display_name": "free-tier-ubuntu-vm",
                "freeform_tags": {
                  ".splatAuthorizedTagSlug": "AQECAR+LCAAAAAAAAACNkMFKxDAQhsFHGcgtXZNp1W1PsopQD67QxYO3sJ2WsGkiSYrUsu9uK9Z1b3sa+Gb4Zua/GuGNfNDOQiE5lOGlN+bJEzXOdzvVBigaZQJxaM7geFyGH6nRluqz2fo/GwGZlEyu2darvaFkximTLGeCyQdPKlK9GaCAbIIZw/VUZPQ9TRrVm3h9UN64uj980n3bKW1We9cJ4Jd4t/bkzRYvCswSgQne7TAt0ttCZiu8wXcB01eV6dtX7z7IR00/58/e5+Bspb+otJshzhiQ5zlHjvCXRDWESL/5zGsWXtpI3ipz6hy/AUeedEV3AQAA"
                },
                "hostname_label": "",
                "ipv6address_ipv6subnet_cidr_pair_details": [],
                "nsg_ids": [],
                "private_ip": "10.0.0.150",
                "skip_source_dest_check": false,
                "subnet_id": "ocid1.subnet.oc1.uk-london-1.aaaaaaaamey6jxonqvys7wrcu6nvko5xbvitw55vgt4qemlxqxdjmyxspa7q",
                "vlan_id": ""
              }
            ],
            "dedicated_vm_host_id": null,
            "defined_tags": {
              "Oracle-Tags.CreatedBy": "default/karlodukwe@gmail.com",
              "Oracle-Tags.CreatedOn": "2024-02-27T23:36:14.143Z"
            },
            "display_name": "free-tier-ubuntu-vm",
            "extended_metadata": {},
            "fault_domain": "FAULT-DOMAIN-3",
            "freeform_tags": {},
            "hostname_label": "",
            "id": "ocid1.instance.oc1.uk-london-1.anwgiljt2vuvcxac5ohwtvgqbyzb42ckg5ucn24bw3j2zqfizu5pno3vdnoq",
            "image": "ocid1.image.oc1.uk-london-1.aaaaaaaae5jkggzpghgfllliqopjupxceevyeyuhcq575lxizpbsnqihxpvq",
            "instance_configuration_id": null,
            "instance_options": [
              {
                "are_legacy_imds_endpoints_disabled": false
              }
            ],
            "ipxe_script": null,
            "is_cross_numa_node": false,
            "is_pv_encryption_in_transit_enabled": null,
            "launch_mode": "PARAVIRTUALIZED",
            "launch_options": [
              {
                "boot_volume_type": "PARAVIRTUALIZED",
                "firmware": "UEFI_64",
                "is_consistent_volume_naming_enabled": true,
                "is_pv_encryption_in_transit_enabled": false,
                "network_type": "PARAVIRTUALIZED",
                "remote_data_volume_type": "PARAVIRTUALIZED"
              }
            ],
            "metadata": {
              "ssh_authorized_keys": "ssh-rsa AAAAB3NzaC1yc2EAAAADAQABAAABAQDQS3TtKA0AcdNuTfeU6DUxyg/cgXYBBRNmgzjaMBVOvasY/IS1/EmQ6G3jgyb5GzRiiGZFdWKMEQOStDRHkvG7+TYn1FJbOpSBfHcnfp+LcjFqAK7KdT2O2p81ZpbbkkK3/b5ZTpiMjAtEggm1nEuAXU5wPf+2GljYHT9vJZ7xI9TT4xCs5TdLAxfNq3XNZbxII5loMntG2FNgmRjO40I7OPcO5tIB080mu/MKbCB9eg/DXlGEsfMPEfIL/AU8jsnkQKFgqMmFCHzq3+WMu39htRkLs1zs7yJDrZ0Q4E94EV++ESbWcnF5VL+DkTk1oSVCQngreLGPqx3F5oCoCIbj karlodukwe@f190cdd6af98"
            },
            "platform_config": [],
            "preemptible_instance_config": [],
            "preserve_boot_volume": false,
            "private_ip": "10.0.0.150",
            "public_ip": "132.145.54.182",
            "region": "uk-london-1",
            "shape": "VM.Standard.E2.1.Micro",
            "shape_config": [
              {
                "baseline_ocpu_utilization": "",
                "gpu_description": "",
                "gpus": 0,
                "local_disk_description": "",
                "local_disks": 0,
                "local_disks_total_size_in_gbs": 0,
                "max_vnic_attachments": 1,
                "memory_in_gbs": 1,
                "networking_bandwidth_in_gbps": 0.47999998927116394,
                "nvmes": 0,
                "ocpus": 1,
                "processor_description": "2.0 GHz AMD EPYC™ 7551 (Naples)",
                "vcpus": 2
              }
            ],
            "source_details": [
              {
                "boot_volume_size_in_gbs": "47",
                "boot_volume_vpus_per_gb": "10",
                "instance_source_image_filter_details": [],
                "kms_key_id": "",
                "source_id": "ocid1.image.oc1.uk-london-1.aaaaaaaae5jkggzpghgfllliqopjupxceevyeyuhcq575lxizpbsnqihxpvq",
                "source_type": "image"
              }
            ],
            "state": "RUNNING",
            "subnet_id": "ocid1.subnet.oc1.uk-london-1.aaaaaaaamey6jxonqvys7wrcu6nvko5xbvitw55vgt4qemlxqxdjmyxspa7q",
            "system_tags": {
              "orcl-cloud.free-tier-retained": "true"
            },
            "time_created": "2024-02-27 23:36:14.553 +0000 UTC",
            "time_maintenance_reboot_due": "",
            "timeouts": null,
            "update_operation_constraint": null
          },
          "sensitive_attributes": [],
          "private": "eyJlMmJmYjczMC1lY2FhLTExZTYtOGY4OC0zNDM2M2JjN2M0YzAiOnsiY3JlYXRlIjoyNzAwMDAwMDAwMDAwLCJkZWxldGUiOjQ1MDAwMDAwMDAwMDAsInVwZGF0ZSI6MjcwMDAwMDAwMDAwMH19",
          "dependencies": [
            "data.oci_identity_availability_domains.ads"
          ]
        }
      ]
    }
  ],
  "check_results": null
}
